
Microsoft Visual Studio Solution File, Format Version 12.00
Project("{FAE04EC0-301F-11D3-BF4B-00C04F79EFBC}") = "Base64EnDeCode", "Base64EnDeCode.csproj", "{6AF456A1-0E6C-4530-87AC-2BC2B569E595}"
EndProject
Global
	GlobalSection(SolutionConfigurationPlatforms) = preSolution
		Debug|Any CPU = Debug|Any CPU
		Release|Any CPU = Release|Any CPU
	EndGlobalSection
	GlobalSection(ProjectConfigurationPlatforms) = postSolution
		{6AF456A1-0E6C-4530-87AC-2BC2B569E595}.Debug|Any CPU.ActiveCfg = Debug|Any CPU
		{6AF456A1-0E6C-4530-87AC-2BC2B569E595}.Debug|Any CPU.Build.0 = Debug|Any CPU
		{6AF456A1-0E6C-4530-87AC-2BC2B569E595}.Release|Any CPU.ActiveCfg = Release|Any CPU
		{6AF456A1-0E6C-4530-87AC-2BC2B569E595}.Release|Any CPU.Build.0 = Release|Any CPU
	EndGlobalSection
EndGlobal
